
Microsoft Visual Studio Solution File, Format Version 12.00
# Visual Studio 15
VisualStudioVersion = 15.0.26430.13
MinimumVisualStudioVersion = 10.0.40219.1
Project("{8BC9CEB8-8B4A-11D0-8D11-00A0C91BC942}") = "SingleLineLinkedList", "SingleLineLinkedList\SingleLineLinkedList.vcxproj", "{0A155529-722F-4E42-B4F4-9B8A070B45CF}"
EndProject
Project("{8BC9CEB8-8B4A-11D0-8D11-00A0C91BC942}") = "KeyboardInputLayout", "KeyboardInputLayout\KeyboardInputLayout.vcxproj", "{9C378AD3-7673-49FB-AAD4-72CC28F05787}"
EndProject
Project("{8BC9CEB8-8B4A-11D0-8D11-00A0C91BC942}") = "EarnedIncomeTax", "EarnedIncomeTax\EarnedIncomeTax.vcxproj", "{08039064-343E-486D-B09D-3A7A1D274B45}"
EndProject
Global
	GlobalSection(SolutionConfigurationPlatforms) = preSolution
		Debug|x64 = Debug|x64
		Debug|x86 = Debug|x86
		Release|x64 = Release|x64
		Release|x86 = Release|x86
	EndGlobalSection
	GlobalSection(ProjectConfigurationPlatforms) = postSolution
		{0A155529-722F-4E42-B4F4-9B8A070B45CF}.Debug|x64.ActiveCfg = Debug|x64
		{0A155529-722F-4E42-B4F4-9B8A070B45CF}.Debug|x64.Build.0 = Debug|x64
		{0A155529-722F-4E42-B4F4-9B8A070B45CF}.Debug|x86.ActiveCfg = Debug|Win32
		{0A155529-722F-4E42-B4F4-9B8A070B45CF}.Debug|x86.Build.0 = Debug|Win32
		{0A155529-722F-4E42-B4F4-9B8A070B45CF}.Release|x64.ActiveCfg = Release|x64
		{0A155529-722F-4E42-B4F4-9B8A070B45CF}.Release|x64.Build.0 = Release|x64
		{0A155529-722F-4E42-B4F4-9B8A070B45CF}.Release|x86.ActiveCfg = Release|Win32
		{0A155529-722F-4E42-B4F4-9B8A070B45CF}.Release|x86.Build.0 = Release|Win32
		{9C378AD3-7673-49FB-AAD4-72CC28F05787}.Debug|x64.ActiveCfg = Debug|x64
		{9C378AD3-7673-49FB-AAD4-72CC28F05787}.Debug|x64.Build.0 = Debug|x64
		{9C378AD3-7673-49FB-AAD4-72CC28F05787}.Debug|x86.ActiveCfg = Debug|Win32
		{9C378AD3-7673-49FB-AAD4-72CC28F05787}.Debug|x86.Build.0 = Debug|Win32
		{9C378AD3-7673-49FB-AAD4-72CC28F05787}.Release|x64.ActiveCfg = Release|x64
		{9C378AD3-7673-49FB-AAD4-72CC28F05787}.Release|x64.Build.0 = Release|x64
		{9C378AD3-7673-49FB-AAD4-72CC28F05787}.Release|x86.ActiveCfg = Release|Win32
		{9C378AD3-7673-49FB-AAD4-72CC28F05787}.Release|x86.Build.0 = Release|Win32
		{08039064-343E-486D-B09D-3A7A1D274B45}.Debug|x64.ActiveCfg = Debug|x64
		{08039064-343E-486D-B09D-3A7A1D274B45}.Debug|x64.Build.0 = Debug|x64
		{08039064-343E-486D-B09D-3A7A1D274B45}.Debug|x86.ActiveCfg = Debug|Win32
		{08039064-343E-486D-B09D-3A7A1D274B45}.Debug|x86.Build.0 = Debug|Win32
		{08039064-343E-486D-B09D-3A7A1D274B45}.Release|x64.ActiveCfg = Release|x64
		{08039064-343E-486D-B09D-3A7A1D274B45}.Release|x64.Build.0 = Release|x64
		{08039064-343E-486D-B09D-3A7A1D274B45}.Release|x86.ActiveCfg = Release|Win32
		{08039064-343E-486D-B09D-3A7A1D274B45}.Release|x86.Build.0 = Release|Win32
	EndGlobalSection
	GlobalSection(SolutionProperties) = preSolution
		HideSolutionNode = FALSE
	EndGlobalSection
EndGlobal
